
Microsoft Visual Studio Solution File, Format Version 12.00
# Visual Studio 15
VisualStudioVersion = 15.0.28010.2046
MinimumVisualStudioVersion = 10.0.40219.1
Project("{FAE04EC0-301F-11D3-BF4B-00C04F79EFBC}") = "oop_pr", "oop_pr\oop_pr.csproj", "{CF082B2F-EBE8-4E52-AA65-9F344452CB54}"
EndProject
Global
	GlobalSection(SolutionConfigurationPlatforms) = preSolution
		Debug|Any CPU = Debug|Any CPU
		Release|Any CPU = Release|Any CPU
	EndGlobalSection
	GlobalSection(ProjectConfigurationPlatforms) = postSolution
		{CF082B2F-EBE8-4E52-AA65-9F344452CB54}.Debug|Any CPU.ActiveCfg = Debug|Any CPU
		{CF082B2F-EBE8-4E52-AA65-9F344452CB54}.Debug|Any CPU.Build.0 = Debug|Any CPU
		{CF082B2F-EBE8-4E52-AA65-9F344452CB54}.Release|Any CPU.ActiveCfg = Release|Any CPU
		{CF082B2F-EBE8-4E52-AA65-9F344452CB54}.Release|Any CPU.Build.0 = Release|Any CPU
	EndGlobalSection
	GlobalSection(SolutionProperties) = preSolution
		HideSolutionNode = FALSE
	EndGlobalSection
	GlobalSection(ExtensibilityGlobals) = postSolution
		SolutionGuid = {ACB26D3A-70F7-477C-A9F3-BA5DBE3A27F2}
	EndGlobalSection
EndGlobal
